
Microsoft Visual Studio Solution File, Format Version 12.00
# Visual Studio 2013
VisualStudioVersion = 12.0.21005.1
MinimumVisualStudioVersion = 10.0.40219.1
Project("{FAE04EC0-301F-11D3-BF4B-00C04F79EFBC}") = "DataMigrationService", "DataMigrationService\DataMigrationService.csproj", "{79374237-166F-4011-B6F5-4F26CEDAEFCF}"
EndProject
Project("{FAE04EC0-301F-11D3-BF4B-00C04F79EFBC}") = "DataMigrationService.Utilities", "DataMigrationService.Utilities\DataMigrationService.Utilities.csproj", "{C697AB4E-E39C-4E74-8D39-C188102E64FC}"
EndProject
Project("{FAE04EC0-301F-11D3-BF4B-00C04F79EFBC}") = "HillerService.DataMigration", "HillerService.DataMigration\HillerService.DataMigration.csproj", "{DD647237-7C42-428D-B3EF-52F4AED3F627}"
EndProject
Project("{FAE04EC0-301F-11D3-BF4B-00C04F79EFBC}") = "STHook", "HillerServiceTest\STHook.csproj", "{68B07247-186B-472D-9DA7-AC5FDC0424AC}"
EndProject
Project("{FAE04EC0-301F-11D3-BF4B-00C04F79EFBC}") = "STHookAdmin", "STHookManual\STHookManual\STHookAdmin.csproj", "{2A57C97E-B771-4876-9D47-BD9DF939E792}"
EndProject
Project("{6141683F-8A12-4E36-9623-2EB02B2C2303}") = "stHookInstaller", "STHookInstaller\stHookInstaller\stHookInstaller.isproj", "{F21ECA5A-B37F-46D3-BBBE-1D220A531D4B}"
	ProjectSection(ProjectDependencies) = postProject
		{68B07247-186B-472D-9DA7-AC5FDC0424AC} = {68B07247-186B-472D-9DA7-AC5FDC0424AC}
		{2A57C97E-B771-4876-9D47-BD9DF939E792} = {2A57C97E-B771-4876-9D47-BD9DF939E792}
	EndProjectSection
EndProject
Global
	GlobalSection(SolutionConfigurationPlatforms) = preSolution
		CD_ROM|Any CPU = CD_ROM|Any CPU
		CD_ROM|Mixed Platforms = CD_ROM|Mixed Platforms
		CD_ROM|x86 = CD_ROM|x86
		Debug|Any CPU = Debug|Any CPU
		Debug|Mixed Platforms = Debug|Mixed Platforms
		Debug|x86 = Debug|x86
		DVD-5|Any CPU = DVD-5|Any CPU
		DVD-5|Mixed Platforms = DVD-5|Mixed Platforms
		DVD-5|x86 = DVD-5|x86
		Release|Any CPU = Release|Any CPU
		Release|Mixed Platforms = Release|Mixed Platforms
		Release|x86 = Release|x86
		SingleImage|Any CPU = SingleImage|Any CPU
		SingleImage|Mixed Platforms = SingleImage|Mixed Platforms
		SingleImage|x86 = SingleImage|x86
	EndGlobalSection
	GlobalSection(ProjectConfigurationPlatforms) = postSolution
		{79374237-166F-4011-B6F5-4F26CEDAEFCF}.CD_ROM|Any CPU.ActiveCfg = Release|Any CPU
		{79374237-166F-4011-B6F5-4F26CEDAEFCF}.CD_ROM|Mixed Platforms.ActiveCfg = Release|Any CPU
		{79374237-166F-4011-B6F5-4F26CEDAEFCF}.CD_ROM|x86.ActiveCfg = Release|Any CPU
		{79374237-166F-4011-B6F5-4F26CEDAEFCF}.Debug|Any CPU.ActiveCfg = Debug|Any CPU
		{79374237-166F-4011-B6F5-4F26CEDAEFCF}.Debug|Any CPU.Build.0 = Debug|Any CPU
		{79374237-166F-4011-B6F5-4F26CEDAEFCF}.Debug|Mixed Platforms.ActiveCfg = Debug|Any CPU
		{79374237-166F-4011-B6F5-4F26CEDAEFCF}.Debug|Mixed Platforms.Build.0 = Debug|Any CPU
		{79374237-166F-4011-B6F5-4F26CEDAEFCF}.Debug|x86.ActiveCfg = Debug|Any CPU
		{79374237-166F-4011-B6F5-4F26CEDAEFCF}.DVD-5|Any CPU.ActiveCfg = Debug|Any CPU
		{79374237-166F-4011-B6F5-4F26CEDAEFCF}.DVD-5|Mixed Platforms.ActiveCfg = Debug|Any CPU
		{79374237-166F-4011-B6F5-4F26CEDAEFCF}.DVD-5|x86.ActiveCfg = Debug|Any CPU
		{79374237-166F-4011-B6F5-4F26CEDAEFCF}.Release|Any CPU.ActiveCfg = Release|Any CPU
		{79374237-166F-4011-B6F5-4F26CEDAEFCF}.Release|Any CPU.Build.0 = Release|Any CPU
		{79374237-166F-4011-B6F5-4F26CEDAEFCF}.Release|Mixed Platforms.ActiveCfg = Release|Any CPU
		{79374237-166F-4011-B6F5-4F26CEDAEFCF}.Release|Mixed Platforms.Build.0 = Release|Any CPU
		{79374237-166F-4011-B6F5-4F26CEDAEFCF}.Release|x86.ActiveCfg = Release|Any CPU
		{79374237-166F-4011-B6F5-4F26CEDAEFCF}.SingleImage|Any CPU.ActiveCfg = Release|Any CPU
		{79374237-166F-4011-B6F5-4F26CEDAEFCF}.SingleImage|Mixed Platforms.ActiveCfg = Release|Any CPU
		{79374237-166F-4011-B6F5-4F26CEDAEFCF}.SingleImage|x86.ActiveCfg = Release|Any CPU
		{C697AB4E-E39C-4E74-8D39-C188102E64FC}.CD_ROM|Any CPU.ActiveCfg = Release|Any CPU
		{C697AB4E-E39C-4E74-8D39-C188102E64FC}.CD_ROM|Any CPU.Build.0 = Release|Any CPU
		{C697AB4E-E39C-4E74-8D39-C188102E64FC}.CD_ROM|Mixed Platforms.ActiveCfg = Release|Any CPU
		{C697AB4E-E39C-4E74-8D39-C188102E64FC}.CD_ROM|Mixed Platforms.Build.0 = Release|Any CPU
		{C697AB4E-E39C-4E74-8D39-C188102E64FC}.CD_ROM|x86.ActiveCfg = Release|Any CPU
		{C697AB4E-E39C-4E74-8D39-C188102E64FC}.Debug|Any CPU.ActiveCfg = Debug|Any CPU
		{C697AB4E-E39C-4E74-8D39-C188102E64FC}.Debug|Any CPU.Build.0 = Debug|Any CPU
		{C697AB4E-E39C-4E74-8D39-C188102E64FC}.Debug|Mixed Platforms.ActiveCfg = Debug|Any CPU
		{C697AB4E-E39C-4E74-8D39-C188102E64FC}.Debug|Mixed Platforms.Build.0 = Debug|Any CPU
		{C697AB4E-E39C-4E74-8D39-C188102E64FC}.Debug|x86.ActiveCfg = Debug|Any CPU
		{C697AB4E-E39C-4E74-8D39-C188102E64FC}.DVD-5|Any CPU.ActiveCfg = Debug|Any CPU
		{C697AB4E-E39C-4E74-8D39-C188102E64FC}.DVD-5|Any CPU.Build.0 = Debug|Any CPU
		{C697AB4E-E39C-4E74-8D39-C188102E64FC}.DVD-5|Mixed Platforms.ActiveCfg = Debug|Any CPU
		{C697AB4E-E39C-4E74-8D39-C188102E64FC}.DVD-5|Mixed Platforms.Build.0 = Debug|Any CPU
		{C697AB4E-E39C-4E74-8D39-C188102E64FC}.DVD-5|x86.ActiveCfg = Debug|Any CPU
		{C697AB4E-E39C-4E74-8D39-C188102E64FC}.Release|Any CPU.ActiveCfg = Release|Any CPU
		{C697AB4E-E39C-4E74-8D39-C188102E64FC}.Release|Any CPU.Build.0 = Release|Any CPU
		{C697AB4E-E39C-4E74-8D39-C188102E64FC}.Release|Mixed Platforms.ActiveCfg = Release|Any CPU
		{C697AB4E-E39C-4E74-8D39-C188102E64FC}.Release|Mixed Platforms.Build.0 = Release|Any CPU
		{C697AB4E-E39C-4E74-8D39-C188102E64FC}.Release|x86.ActiveCfg = Release|Any CPU
		{C697AB4E-E39C-4E74-8D39-C188102E64FC}.SingleImage|Any CPU.ActiveCfg = Release|Any CPU
		{C697AB4E-E39C-4E74-8D39-C188102E64FC}.SingleImage|Any CPU.Build.0 = Release|Any CPU
		{C697AB4E-E39C-4E74-8D39-C188102E64FC}.SingleImage|Mixed Platforms.ActiveCfg = Release|Any CPU
		{C697AB4E-E39C-4E74-8D39-C188102E64FC}.SingleImage|Mixed Platforms.Build.0 = Release|Any CPU
		{C697AB4E-E39C-4E74-8D39-C188102E64FC}.SingleImage|x86.ActiveCfg = Release|Any CPU
		{DD647237-7C42-428D-B3EF-52F4AED3F627}.CD_ROM|Any CPU.ActiveCfg = Release|Any CPU
		{DD647237-7C42-428D-B3EF-52F4AED3F627}.CD_ROM|Any CPU.Build.0 = Release|Any CPU
		{DD647237-7C42-428D-B3EF-52F4AED3F627}.CD_ROM|Mixed Platforms.ActiveCfg = Release|Any CPU
		{DD647237-7C42-428D-B3EF-52F4AED3F627}.CD_ROM|Mixed Platforms.Build.0 = Release|Any CPU
		{DD647237-7C42-428D-B3EF-52F4AED3F627}.CD_ROM|x86.ActiveCfg = Release|Any CPU
		{DD647237-7C42-428D-B3EF-52F4AED3F627}.Debug|Any CPU.ActiveCfg = Debug|Any CPU
		{DD647237-7C42-428D-B3EF-52F4AED3F627}.Debug|Any CPU.Build.0 = Debug|Any CPU
		{DD647237-7C42-428D-B3EF-52F4AED3F627}.Debug|Mixed Platforms.ActiveCfg = Debug|Any CPU
		{DD647237-7C42-428D-B3EF-52F4AED3F627}.Debug|Mixed Platforms.Build.0 = Debug|Any CPU
		{DD647237-7C42-428D-B3EF-52F4AED3F627}.Debug|x86.ActiveCfg = Debug|Any CPU
		{DD647237-7C42-428D-B3EF-52F4AED3F627}.DVD-5|Any CPU.ActiveCfg = Debug|Any CPU
		{DD647237-7C42-428D-B3EF-52F4AED3F627}.DVD-5|Any CPU.Build.0 = Debug|Any CPU
		{DD647237-7C42-428D-B3EF-52F4AED3F627}.DVD-5|Mixed Platforms.ActiveCfg = Debug|Any CPU
		{DD647237-7C42-428D-B3EF-52F4AED3F627}.DVD-5|Mixed Platforms.Build.0 = Debug|Any CPU
		{DD647237-7C42-428D-B3EF-52F4AED3F627}.DVD-5|x86.ActiveCfg = Debug|Any CPU
		{DD647237-7C42-428D-B3EF-52F4AED3F627}.Release|Any CPU.ActiveCfg = Release|Any CPU
		{DD647237-7C42-428D-B3EF-52F4AED3F627}.Release|Any CPU.Build.0 = Release|Any CPU
		{DD647237-7C42-428D-B3EF-52F4AED3F627}.Release|Mixed Platforms.ActiveCfg = Release|Any CPU
		{DD647237-7C42-428D-B3EF-52F4AED3F627}.Release|Mixed Platforms.Build.0 = Release|Any CPU
		{DD647237-7C42-428D-B3EF-52F4AED3F627}.Release|x86.ActiveCfg = Release|Any CPU
		{DD647237-7C42-428D-B3EF-52F4AED3F627}.SingleImage|Any CPU.ActiveCfg = Release|Any CPU
		{DD647237-7C42-428D-B3EF-52F4AED3F627}.SingleImage|Any CPU.Build.0 = Release|Any CPU
		{DD647237-7C42-428D-B3EF-52F4AED3F627}.SingleImage|Mixed Platforms.ActiveCfg = Release|Any CPU
		{DD647237-7C42-428D-B3EF-52F4AED3F627}.SingleImage|Mixed Platforms.Build.0 = Release|Any CPU
		{DD647237-7C42-428D-B3EF-52F4AED3F627}.SingleImage|x86.ActiveCfg = Release|Any CPU
		{68B07247-186B-472D-9DA7-AC5FDC0424AC}.CD_ROM|Any CPU.ActiveCfg = Release|x86
		{68B07247-186B-472D-9DA7-AC5FDC0424AC}.CD_ROM|Mixed Platforms.ActiveCfg = Release|x86
		{68B07247-186B-472D-9DA7-AC5FDC0424AC}.CD_ROM|Mixed Platforms.Build.0 = Release|x86
		{68B07247-186B-472D-9DA7-AC5FDC0424AC}.CD_ROM|x86.ActiveCfg = Release|x86
		{68B07247-186B-472D-9DA7-AC5FDC0424AC}.CD_ROM|x86.Build.0 = Release|x86
		{68B07247-186B-472D-9DA7-AC5FDC0424AC}.Debug|Any CPU.ActiveCfg = Debug|x86
		{68B07247-186B-472D-9DA7-AC5FDC0424AC}.Debug|Mixed Platforms.ActiveCfg = Debug|x86
		{68B07247-186B-472D-9DA7-AC5FDC0424AC}.Debug|Mixed Platforms.Build.0 = Debug|x86
		{68B07247-186B-472D-9DA7-AC5FDC0424AC}.Debug|x86.ActiveCfg = Debug|x86
		{68B07247-186B-472D-9DA7-AC5FDC0424AC}.Debug|x86.Build.0 = Debug|x86
		{68B07247-186B-472D-9DA7-AC5FDC0424AC}.DVD-5|Any CPU.ActiveCfg = Debug|x86
		{68B07247-186B-472D-9DA7-AC5FDC0424AC}.DVD-5|Mixed Platforms.ActiveCfg = Debug|x86
		{68B07247-186B-472D-9DA7-AC5FDC0424AC}.DVD-5|Mixed Platforms.Build.0 = Debug|x86
		{68B07247-186B-472D-9DA7-AC5FDC0424AC}.DVD-5|x86.ActiveCfg = Debug|x86
		{68B07247-186B-472D-9DA7-AC5FDC0424AC}.DVD-5|x86.Build.0 = Debug|x86
		{68B07247-186B-472D-9DA7-AC5FDC0424AC}.Release|Any CPU.ActiveCfg = Release|x86
		{68B07247-186B-472D-9DA7-AC5FDC0424AC}.Release|Mixed Platforms.ActiveCfg = Release|x86
		{68B07247-186B-472D-9DA7-AC5FDC0424AC}.Release|Mixed Platforms.Build.0 = Release|x86
		{68B07247-186B-472D-9DA7-AC5FDC0424AC}.Release|x86.ActiveCfg = Release|x86
		{68B07247-186B-472D-9DA7-AC5FDC0424AC}.Release|x86.Build.0 = Release|x86
		{68B07247-186B-472D-9DA7-AC5FDC0424AC}.SingleImage|Any CPU.ActiveCfg = Release|x86
		{68B07247-186B-472D-9DA7-AC5FDC0424AC}.SingleImage|Mixed Platforms.ActiveCfg = Release|x86
		{68B07247-186B-472D-9DA7-AC5FDC0424AC}.SingleImage|Mixed Platforms.Build.0 = Release|x86
		{68B07247-186B-472D-9DA7-AC5FDC0424AC}.SingleImage|x86.ActiveCfg = Release|x86
		{68B07247-186B-472D-9DA7-AC5FDC0424AC}.SingleImage|x86.Build.0 = Release|x86
		{2A57C97E-B771-4876-9D47-BD9DF939E792}.CD_ROM|Any CPU.ActiveCfg = Release|Any CPU
		{2A57C97E-B771-4876-9D47-BD9DF939E792}.CD_ROM|Any CPU.Build.0 = Release|Any CPU
		{2A57C97E-B771-4876-9D47-BD9DF939E792}.CD_ROM|Mixed Platforms.ActiveCfg = Release|Any CPU
		{2A57C97E-B771-4876-9D47-BD9DF939E792}.CD_ROM|Mixed Platforms.Build.0 = Release|Any CPU
		{2A57C97E-B771-4876-9D47-BD9DF939E792}.CD_ROM|x86.ActiveCfg = Release|Any CPU
		{2A57C97E-B771-4876-9D47-BD9DF939E792}.Debug|Any CPU.ActiveCfg = Debug|Any CPU
		{2A57C97E-B771-4876-9D47-BD9DF939E792}.Debug|Any CPU.Build.0 = Debug|Any CPU
		{2A57C97E-B771-4876-9D47-BD9DF939E792}.Debug|Mixed Platforms.ActiveCfg = Debug|Any CPU
		{2A57C97E-B771-4876-9D47-BD9DF939E792}.Debug|Mixed Platforms.Build.0 = Debug|Any CPU
		{2A57C97E-B771-4876-9D47-BD9DF939E792}.Debug|x86.ActiveCfg = Debug|Any CPU
		{2A57C97E-B771-4876-9D47-BD9DF939E792}.DVD-5|Any CPU.ActiveCfg = Debug|Any CPU
		{2A57C97E-B771-4876-9D47-BD9DF939E792}.DVD-5|Any CPU.Build.0 = Debug|Any CPU
		{2A57C97E-B771-4876-9D47-BD9DF939E792}.DVD-5|Mixed Platforms.ActiveCfg = Debug|Any CPU
		{2A57C97E-B771-4876-9D47-BD9DF939E792}.DVD-5|Mixed Platforms.Build.0 = Debug|Any CPU
		{2A57C97E-B771-4876-9D47-BD9DF939E792}.DVD-5|x86.ActiveCfg = Debug|Any CPU
		{2A57C97E-B771-4876-9D47-BD9DF939E792}.Release|Any CPU.ActiveCfg = Release|Any CPU
		{2A57C97E-B771-4876-9D47-BD9DF939E792}.Release|Any CPU.Build.0 = Release|Any CPU
		{2A57C97E-B771-4876-9D47-BD9DF939E792}.Release|Mixed Platforms.ActiveCfg = Release|Any CPU
		{2A57C97E-B771-4876-9D47-BD9DF939E792}.Release|Mixed Platforms.Build.0 = Release|Any CPU
		{2A57C97E-B771-4876-9D47-BD9DF939E792}.Release|x86.ActiveCfg = Release|Any CPU
		{2A57C97E-B771-4876-9D47-BD9DF939E792}.SingleImage|Any CPU.ActiveCfg = Release|Any CPU
		{2A57C97E-B771-4876-9D47-BD9DF939E792}.SingleImage|Any CPU.Build.0 = Release|Any CPU
		{2A57C97E-B771-4876-9D47-BD9DF939E792}.SingleImage|Mixed Platforms.ActiveCfg = Release|Any CPU
		{2A57C97E-B771-4876-9D47-BD9DF939E792}.SingleImage|Mixed Platforms.Build.0 = Release|Any CPU
		{2A57C97E-B771-4876-9D47-BD9DF939E792}.SingleImage|x86.ActiveCfg = Release|Any CPU
		{F21ECA5A-B37F-46D3-BBBE-1D220A531D4B}.CD_ROM|Any CPU.ActiveCfg = CD_ROM
		{F21ECA5A-B37F-46D3-BBBE-1D220A531D4B}.CD_ROM|Any CPU.Build.0 = CD_ROM
		{F21ECA5A-B37F-46D3-BBBE-1D220A531D4B}.CD_ROM|Mixed Platforms.ActiveCfg = CD_ROM
		{F21ECA5A-B37F-46D3-BBBE-1D220A531D4B}.CD_ROM|Mixed Platforms.Build.0 = CD_ROM
		{F21ECA5A-B37F-46D3-BBBE-1D220A531D4B}.CD_ROM|x86.ActiveCfg = CD_ROM
		{F21ECA5A-B37F-46D3-BBBE-1D220A531D4B}.CD_ROM|x86.Build.0 = CD_ROM
		{F21ECA5A-B37F-46D3-BBBE-1D220A531D4B}.Debug|Any CPU.ActiveCfg = DVD-5
		{F21ECA5A-B37F-46D3-BBBE-1D220A531D4B}.Debug|Any CPU.Build.0 = DVD-5
		{F21ECA5A-B37F-46D3-BBBE-1D220A531D4B}.Debug|Mixed Platforms.ActiveCfg = SingleImage
		{F21ECA5A-B37F-46D3-BBBE-1D220A531D4B}.Debug|Mixed Platforms.Build.0 = SingleImage
		{F21ECA5A-B37F-46D3-BBBE-1D220A531D4B}.Debug|x86.ActiveCfg = DVD-5
		{F21ECA5A-B37F-46D3-BBBE-1D220A531D4B}.Debug|x86.Build.0 = DVD-5
		{F21ECA5A-B37F-46D3-BBBE-1D220A531D4B}.DVD-5|Any CPU.ActiveCfg = DVD-5
		{F21ECA5A-B37F-46D3-BBBE-1D220A531D4B}.DVD-5|Any CPU.Build.0 = DVD-5
		{F21ECA5A-B37F-46D3-BBBE-1D220A531D4B}.DVD-5|Mixed Platforms.ActiveCfg = DVD-5
		{F21ECA5A-B37F-46D3-BBBE-1D220A531D4B}.DVD-5|Mixed Platforms.Build.0 = DVD-5
		{F21ECA5A-B37F-46D3-BBBE-1D220A531D4B}.DVD-5|x86.ActiveCfg = DVD-5
		{F21ECA5A-B37F-46D3-BBBE-1D220A531D4B}.DVD-5|x86.Build.0 = DVD-5
		{F21ECA5A-B37F-46D3-BBBE-1D220A531D4B}.Release|Any CPU.ActiveCfg = SingleImage
		{F21ECA5A-B37F-46D3-BBBE-1D220A531D4B}.Release|Any CPU.Build.0 = SingleImage
		{F21ECA5A-B37F-46D3-BBBE-1D220A531D4B}.Release|Mixed Platforms.ActiveCfg = SingleImage
		{F21ECA5A-B37F-46D3-BBBE-1D220A531D4B}.Release|Mixed Platforms.Build.0 = SingleImage
		{F21ECA5A-B37F-46D3-BBBE-1D220A531D4B}.Release|x86.ActiveCfg = SingleImage
		{F21ECA5A-B37F-46D3-BBBE-1D220A531D4B}.Release|x86.Build.0 = SingleImage
		{F21ECA5A-B37F-46D3-BBBE-1D220A531D4B}.SingleImage|Any CPU.ActiveCfg = SingleImage
		{F21ECA5A-B37F-46D3-BBBE-1D220A531D4B}.SingleImage|Any CPU.Build.0 = SingleImage
		{F21ECA5A-B37F-46D3-BBBE-1D220A531D4B}.SingleImage|Mixed Platforms.ActiveCfg = SingleImage
		{F21ECA5A-B37F-46D3-BBBE-1D220A531D4B}.SingleImage|Mixed Platforms.Build.0 = SingleImage
		{F21ECA5A-B37F-46D3-BBBE-1D220A531D4B}.SingleImage|x86.ActiveCfg = SingleImage
		{F21ECA5A-B37F-46D3-BBBE-1D220A531D4B}.SingleImage|x86.Build.0 = SingleImage
	EndGlobalSection
	GlobalSection(SolutionProperties) = preSolution
		HideSolutionNode = FALSE
	EndGlobalSection
EndGlobal
